
Microsoft Visual Studio Solution File, Format Version 12.00
# Visual Studio Version 17
VisualStudioVersion = 17.10.35027.167
MinimumVisualStudioVersion = 10.0.40219.1
Project("{FAE04EC0-301F-11D3-BF4B-00C04F79EFBC}") = "Tarea_1_Progra_III", "Tarea_1_Progra_III\Tarea_1_Progra_III.csproj", "{80381FAD-5726-4469-8A78-48812011CDD6}"
EndProject
Global
	GlobalSection(SolutionConfigurationPlatforms) = preSolution
		Debug|Any CPU = Debug|Any CPU
		Release|Any CPU = Release|Any CPU
	EndGlobalSection
	GlobalSection(ProjectConfigurationPlatforms) = postSolution
		{80381FAD-5726-4469-8A78-48812011CDD6}.Debug|Any CPU.ActiveCfg = Debug|Any CPU
		{80381FAD-5726-4469-8A78-48812011CDD6}.Debug|Any CPU.Build.0 = Debug|Any CPU
		{80381FAD-5726-4469-8A78-48812011CDD6}.Release|Any CPU.ActiveCfg = Release|Any CPU
		{80381FAD-5726-4469-8A78-48812011CDD6}.Release|Any CPU.Build.0 = Release|Any CPU
	EndGlobalSection
	GlobalSection(SolutionProperties) = preSolution
		HideSolutionNode = FALSE
	EndGlobalSection
	GlobalSection(ExtensibilityGlobals) = postSolution
		SolutionGuid = {1886449D-EB3B-4F5C-AA53-CB4643875040}
	EndGlobalSection
EndGlobal
